// !$*UTF8*$!
{
	archiveVersion = 1;
	classes = {
	};
	objectVersion = 51;
	objects = {

/* Begin PBXBuildFile section */
		9F68FD0624EC3C8800DF927E /* NewGameView.swift in Sources */ = {isa = PBXBuildFile; fileRef = 9F68FD0524EC3C8800DF927E /* NewGameView.swift */; };
		9F68FD0824EC3C8E00DF927E /* CollectionHeaderView.swift in Sources */ = {isa = PBXBuildFile; fileRef = 9F68FD0724EC3C8E00DF927E /* CollectionHeaderView.swift */; };
		9F68FD0A24EC400E00DF927E /* LeftLayout.swift in Sources */ = {isa = PBXBuildFile; fileRef = 9F68FD0924EC400E00DF927E /* LeftLayout.swift */; };
		AE81A28DE8CC25A32BA71119 /* Pods_Steamo.framework in Frameworks */ = {isa = PBXBuildFile; fileRef = 6F82CCBFCAA542B61E1CC3F0 /* Pods_Steamo.framework */; };
		E4050371238D9D3700EC11A4 /* FriendTableViewCell.swift in Sources */ = {isa = PBXBuildFile; fileRef = E4050370238D9D3700EC11A4 /* FriendTableViewCell.swift */; };
		E4050373238D9D4400EC11A4 /* FriendSectionViewModel.swift in Sources */ = {isa = PBXBuildFile; fileRef = E4050372238D9D4400EC11A4 /* FriendSectionViewModel.swift */; };
		E4050376238DB05F00EC11A4 /* SessionsViewController.swift in Sources */ = {isa = PBXBuildFile; fileRef = E4050375238DB05F00EC11A4 /* SessionsViewController.swift */; };
		E4050378238DB06B00EC11A4 /* SessionsViewModel.swift in Sources */ = {isa = PBXBuildFile; fileRef = E4050377238DB06B00EC11A4 /* SessionsViewModel.swift */; };
		E414E230238B3D9300A7AB93 /* ProfileViewModel.swift in Sources */ = {isa = PBXBuildFile; fileRef = E414E22F238B3D9300A7AB93 /* ProfileViewModel.swift */; };
		E414E233238B3E7800A7AB93 /* SteamAPINetworkAdapter.swift in Sources */ = {isa = PBXBuildFile; fileRef = E414E232238B3E7800A7AB93 /* SteamAPINetworkAdapter.swift */; };
		E414E235238B3F6000A7AB93 /* UIColor+Appcolor.swift in Sources */ = {isa = PBXBuildFile; fileRef = E414E234238B3F6000A7AB93 /* UIColor+Appcolor.swift */; };
		E414E237238B400000A7AB93 /* Colors.xcassets in Resources */ = {isa = PBXBuildFile; fileRef = E414E236238B400000A7AB93 /* Colors.xcassets */; };
		E414E23A238B436500A7AB93 /* SteamoNavigationController.swift in Sources */ = {isa = PBXBuildFile; fileRef = E414E239238B436500A7AB93 /* SteamoNavigationController.swift */; };
		E414E23C238B4BA500A7AB93 /* SteamoButton.swift in Sources */ = {isa = PBXBuildFile; fileRef = E414E23B238B4BA500A7AB93 /* SteamoButton.swift */; };
		E414E240238B55C400A7AB93 /* SteamoError.swift in Sources */ = {isa = PBXBuildFile; fileRef = E414E23F238B55C400A7AB93 /* SteamoError.swift */; };
		E414E244238B568600A7AB93 /* Profile.swift in Sources */ = {isa = PBXBuildFile; fileRef = E414E243238B568600A7AB93 /* Profile.swift */; };
		E414E246238B607C00A7AB93 /* UITableView+Register.swift in Sources */ = {isa = PBXBuildFile; fileRef = E414E245238B607C00A7AB93 /* UITableView+Register.swift */; };
		E414E249238B60F400A7AB93 /* AvatarTableViewCell.swift in Sources */ = {isa = PBXBuildFile; fileRef = E414E248238B60F400A7AB93 /* AvatarTableViewCell.swift */; };
		E414E24B238B624600A7AB93 /* AvatarSectionViewModel.swift in Sources */ = {isa = PBXBuildFile; fileRef = E414E24A238B624600A7AB93 /* AvatarSectionViewModel.swift */; };
		E414E24D238B628600A7AB93 /* ProfileSectionViewModelRepresentable.swift in Sources */ = {isa = PBXBuildFile; fileRef = E414E24C238B628600A7AB93 /* ProfileSectionViewModelRepresentable.swift */; };
		E414E24F238B635800A7AB93 /* OwnedGamesSectionViewModel.swift in Sources */ = {isa = PBXBuildFile; fileRef = E414E24E238B635800A7AB93 /* OwnedGamesSectionViewModel.swift */; };
		E414E252238B9E9600A7AB93 /* Games.swift in Sources */ = {isa = PBXBuildFile; fileRef = E414E251238B9E9600A7AB93 /* Games.swift */; };
		E414E254238BA98F00A7AB93 /* OwnedGamesTableViewCell.swift in Sources */ = {isa = PBXBuildFile; fileRef = E414E253238BA98F00A7AB93 /* OwnedGamesTableViewCell.swift */; };
		E414E256238BAB8100A7AB93 /* UICollectionView+Register.swift in Sources */ = {isa = PBXBuildFile; fileRef = E414E255238BAB8100A7AB93 /* UICollectionView+Register.swift */; };
		E414E258238BABD300A7AB93 /* GameView.swift in Sources */ = {isa = PBXBuildFile; fileRef = E414E257238BABD300A7AB93 /* GameView.swift */; };
		E434979523859F9A0047B750 /* AppDelegate.swift in Sources */ = {isa = PBXBuildFile; fileRef = E434979423859F9A0047B750 /* AppDelegate.swift */; };
		E434979723859F9A0047B750 /* SceneDelegate.swift in Sources */ = {isa = PBXBuildFile; fileRef = E434979623859F9A0047B750 /* SceneDelegate.swift */; };
		E434979923859F9A0047B750 /* MainTabBarController.swift in Sources */ = {isa = PBXBuildFile; fileRef = E434979823859F9A0047B750 /* MainTabBarController.swift */; };
		E434979E23859F9C0047B750 /* Assets.xcassets in Resources */ = {isa = PBXBuildFile; fileRef = E434979D23859F9C0047B750 /* Assets.xcassets */; };
		E43497A123859F9C0047B750 /* LaunchScreen.storyboard in Resources */ = {isa = PBXBuildFile; fileRef = E434979F23859F9C0047B750 /* LaunchScreen.storyboard */; };
		E43497AC23859F9C0047B750 /* SteamoTests.swift in Sources */ = {isa = PBXBuildFile; fileRef = E43497AB23859F9C0047B750 /* SteamoTests.swift */; };
		E4424E07238DC14A00B5A7BD /* CollectionCellContainer.swift in Sources */ = {isa = PBXBuildFile; fileRef = E4424E06238DC14A00B5A7BD /* CollectionCellContainer.swift */; };
		E4424E09238DC17A00B5A7BD /* TableCellContainer.swift in Sources */ = {isa = PBXBuildFile; fileRef = E4424E08238DC17A00B5A7BD /* TableCellContainer.swift */; };
		E4424E0C238EE41C00B5A7BD /* ProfileRouter.swift in Sources */ = {isa = PBXBuildFile; fileRef = E4424E0B238EE41C00B5A7BD /* ProfileRouter.swift */; };
		E4424E0E238EF54200B5A7BD /* String+SteamId.swift in Sources */ = {isa = PBXBuildFile; fileRef = E4424E0D238EF54200B5A7BD /* String+SteamId.swift */; };
		E4424E10238EF58E00B5A7BD /* SteamVanity.swift in Sources */ = {isa = PBXBuildFile; fileRef = E4424E0F238EF58E00B5A7BD /* SteamVanity.swift */; };
		E4424E12238EF5DD00B5A7BD /* SteamUser.swift in Sources */ = {isa = PBXBuildFile; fileRef = E4424E11238EF5DD00B5A7BD /* SteamUser.swift */; };
		E4424E14238EF82F00B5A7BD /* Array+Safe.swift in Sources */ = {isa = PBXBuildFile; fileRef = E4424E13238EF82F00B5A7BD /* Array+Safe.swift */; };
		E4424E16238EFA6100B5A7BD /* SectionHeaderView.swift in Sources */ = {isa = PBXBuildFile; fileRef = E4424E15238EFA6100B5A7BD /* SectionHeaderView.swift */; };
		E4424E19238EFD9000B5A7BD /* SettingsViewController.swift in Sources */ = {isa = PBXBuildFile; fileRef = E4424E18238EFD9000B5A7BD /* SettingsViewController.swift */; };
		E4424E1B238EFDAE00B5A7BD /* SettingsViewModel.swift in Sources */ = {isa = PBXBuildFile; fileRef = E4424E1A238EFDAE00B5A7BD /* SettingsViewModel.swift */; };
		E4424E1D2390450400B5A7BD /* ProfileShimmeringView.swift in Sources */ = {isa = PBXBuildFile; fileRef = E4424E1C2390450400B5A7BD /* ProfileShimmeringView.swift */; };
		E4687508238AF1ED00D7083E /* AuthRequestBuilder.swift in Sources */ = {isa = PBXBuildFile; fileRef = E4687507238AF1ED00D7083E /* AuthRequestBuilder.swift */; };
		E46FF16823993DD200272B17 /* MinutesXAxisValueFormatter.swift in Sources */ = {isa = PBXBuildFile; fileRef = E46FF16723993DD200272B17 /* MinutesXAxisValueFormatter.swift */; };
		E46FF16A23994BA800272B17 /* Dictionary+Add.swift in Sources */ = {isa = PBXBuildFile; fileRef = E46FF16923994BA800272B17 /* Dictionary+Add.swift */; };
		E46FF16C239950A100272B17 /* DatabaseManager.swift in Sources */ = {isa = PBXBuildFile; fileRef = E46FF16B239950A100272B17 /* DatabaseManager.swift */; };
		E46FF1712399839600272B17 /* SessionSectionViewModelRepresentable.swift in Sources */ = {isa = PBXBuildFile; fileRef = E46FF1702399839600272B17 /* SessionSectionViewModelRepresentable.swift */; };
		E46FF173239983FA00272B17 /* TwoWeekSessionsSectionViewModel.swift in Sources */ = {isa = PBXBuildFile; fileRef = E46FF172239983FA00272B17 /* TwoWeekSessionsSectionViewModel.swift */; };
		E46FF1752399842200272B17 /* OlderSessionsSectionViewModel.swift in Sources */ = {isa = PBXBuildFile; fileRef = E46FF1742399842200272B17 /* OlderSessionsSectionViewModel.swift */; };
		E46FF17723998A0B00272B17 /* NoSessionsSectionViewModel.swift in Sources */ = {isa = PBXBuildFile; fileRef = E46FF17623998A0B00272B17 /* NoSessionsSectionViewModel.swift */; };
		E4A9E33E238D8F6700541359 /* Double+Pluralize.swift in Sources */ = {isa = PBXBuildFile; fileRef = E4A9E33D238D8F6700541359 /* Double+Pluralize.swift */; };
		E4A9E341238D9AD200541359 /* Friends.swift in Sources */ = {isa = PBXBuildFile; fileRef = E4A9E340238D9AD200541359 /* Friends.swift */; };
		E4AE2B57239AF80A00CDD260 /* DefaultTableViewCell.swift in Sources */ = {isa = PBXBuildFile; fileRef = E4AE2B56239AF80A00CDD260 /* DefaultTableViewCell.swift */; };
		E4AE2B59239B980A00CDD260 /* NoRecentSessionsSectionViewModel.swift in Sources */ = {isa = PBXBuildFile; fileRef = E4AE2B58239B980A00CDD260 /* NoRecentSessionsSectionViewModel.swift */; };
		E4C068AD23955FDB00A3F5F0 /* GameSchema.swift in Sources */ = {isa = PBXBuildFile; fileRef = E4C068AC23955FDB00A3F5F0 /* GameSchema.swift */; };
		E4C068AF239561D500A3F5F0 /* PlayerStats.swift in Sources */ = {isa = PBXBuildFile; fileRef = E4C068AE239561D500A3F5F0 /* PlayerStats.swift */; };
		E4C068B223956CD900A3F5F0 /* StatsSectionViewModelRepresentable.swift in Sources */ = {isa = PBXBuildFile; fileRef = E4C068B123956CD900A3F5F0 /* StatsSectionViewModelRepresentable.swift */; };
		E4C068B623956E3900A3F5F0 /* PlayerStatsSectionViewModel.swift in Sources */ = {isa = PBXBuildFile; fileRef = E4C068B523956E3900A3F5F0 /* PlayerStatsSectionViewModel.swift */; };
		E4C068B823956F8200A3F5F0 /* PlayerAchievementsSectionViewModel.swift in Sources */ = {isa = PBXBuildFile; fileRef = E4C068B723956F8200A3F5F0 /* PlayerAchievementsSectionViewModel.swift */; };
		E4C068BA2395702500A3F5F0 /* PlayerStatTableViewCell.swift in Sources */ = {isa = PBXBuildFile; fileRef = E4C068B92395702500A3F5F0 /* PlayerStatTableViewCell.swift */; };
		E4C068BC2395708800A3F5F0 /* SteamoLabel.swift in Sources */ = {isa = PBXBuildFile; fileRef = E4C068BB2395708800A3F5F0 /* SteamoLabel.swift */; };
		E4C068BE23957EC000A3F5F0 /* PlayerAchievementsTableViewCell.swift in Sources */ = {isa = PBXBuildFile; fileRef = E4C068BD23957EC000A3F5F0 /* PlayerAchievementsTableViewCell.swift */; };
		E4C068C123959C6D00A3F5F0 /* StatsErrorSectionViewModel.swift in Sources */ = {isa = PBXBuildFile; fileRef = E4C068C023959C6D00A3F5F0 /* StatsErrorSectionViewModel.swift */; };
		E4C068C323959CC700A3F5F0 /* StatsErrorTableViewCell.swift in Sources */ = {isa = PBXBuildFile; fileRef = E4C068C223959CC700A3F5F0 /* StatsErrorTableViewCell.swift */; };
		E4C068C52395A28600A3F5F0 /* NoPlayerStatsSectionViewModel.swift in Sources */ = {isa = PBXBuildFile; fileRef = E4C068C42395A28600A3F5F0 /* NoPlayerStatsSectionViewModel.swift */; };
		E4C068C72395A2C100A3F5F0 /* NoPlayerAchievementsSectionViewModel.swift in Sources */ = {isa = PBXBuildFile; fileRef = E4C068C62395A2C100A3F5F0 /* NoPlayerAchievementsSectionViewModel.swift */; };
		E4C068C923965BCD00A3F5F0 /* Integer+Bits.swift in Sources */ = {isa = PBXBuildFile; fileRef = E4C068C823965BCD00A3F5F0 /* Integer+Bits.swift */; };
		E4C068CC23965C2100A3F5F0 /* Dota2StatsViewController.swift in Sources */ = {isa = PBXBuildFile; fileRef = E4C068CB23965C2100A3F5F0 /* Dota2StatsViewController.swift */; };
		E4C068CE23965C6200A3F5F0 /* Dota2StatsViewModel.swift in Sources */ = {isa = PBXBuildFile; fileRef = E4C068CD23965C6200A3F5F0 /* Dota2StatsViewModel.swift */; };
		E4C068D023965D7000A3F5F0 /* SteamAPINetworkAdapter+Dota2.swift in Sources */ = {isa = PBXBuildFile; fileRef = E4C068CF23965D7000A3F5F0 /* SteamAPINetworkAdapter+Dota2.swift */; };
		E4C068D32396600000A3F5F0 /* MatchHistory.swift in Sources */ = {isa = PBXBuildFile; fileRef = E4C068D22396600000A3F5F0 /* MatchHistory.swift */; };
		E4C068D52396604100A3F5F0 /* MatchDetails.swift in Sources */ = {isa = PBXBuildFile; fileRef = E4C068D42396604100A3F5F0 /* MatchDetails.swift */; };
		E4C068D92396828C00A3F5F0 /* Dota2StatsSectionViewModelRepresentable.swift in Sources */ = {isa = PBXBuildFile; fileRef = E4C068D82396828C00A3F5F0 /* Dota2StatsSectionViewModelRepresentable.swift */; };
		E4C068DC2396832C00A3F5F0 /* WinRateTableViewCell.swift in Sources */ = {isa = PBXBuildFile; fileRef = E4C068DB2396832C00A3F5F0 /* WinRateTableViewCell.swift */; };
		E4C068DE2396842300A3F5F0 /* WinRateSectionViewModel.swift in Sources */ = {isa = PBXBuildFile; fileRef = E4C068DD2396842300A3F5F0 /* WinRateSectionViewModel.swift */; };
		E4C068E32396C50C00A3F5F0 /* DependencyContainer.swift in Sources */ = {isa = PBXBuildFile; fileRef = E4C068E22396C50C00A3F5F0 /* DependencyContainer.swift */; };
		E4C068E52396C52500A3F5F0 /* ViewControllerFactory.swift in Sources */ = {isa = PBXBuildFile; fileRef = E4C068E42396C52500A3F5F0 /* ViewControllerFactory.swift */; };
		E4C068E92396C72600A3F5F0 /* ViewModelFactory.swift in Sources */ = {isa = PBXBuildFile; fileRef = E4C068E82396C72600A3F5F0 /* ViewModelFactory.swift */; };
		E4D4AA982397044700867281 /* NoFriendsSectionViewModel.swift in Sources */ = {isa = PBXBuildFile; fileRef = E4D4AA972397044700867281 /* NoFriendsSectionViewModel.swift */; };
		E4D4AA9A2397048B00867281 /* NoOwnedGamesSectionViewModel.swift in Sources */ = {isa = PBXBuildFile; fileRef = E4D4AA992397048B00867281 /* NoOwnedGamesSectionViewModel.swift */; };
		E4D4AA9E23970E1800867281 /* Dota2ErrorSectionViewModel.swift in Sources */ = {isa = PBXBuildFile; fileRef = E4D4AA9D23970E1800867281 /* Dota2ErrorSectionViewModel.swift */; };
		E4D4AAA123971BBD00867281 /* MatchesByDateTableViewCell.swift in Sources */ = {isa = PBXBuildFile; fileRef = E4D4AAA023971BBD00867281 /* MatchesByDateTableViewCell.swift */; };
		E4D4AAA323971BCB00867281 /* MatchesByDateSectionViewModel.swift in Sources */ = {isa = PBXBuildFile; fileRef = E4D4AAA223971BCB00867281 /* MatchesByDateSectionViewModel.swift */; };
		E4D4AAAA2397B77800867281 /* DayXAxisValueFormatter.swift in Sources */ = {isa = PBXBuildFile; fileRef = E4D4AAA92397B77800867281 /* DayXAxisValueFormatter.swift */; };
		E4D4AAAC2398083F00867281 /* HoursXAxisValueFormatter.swift in Sources */ = {isa = PBXBuildFile; fileRef = E4D4AAAB2398083F00867281 /* HoursXAxisValueFormatter.swift */; };
		E4EA79D823907019006C5890 /* NSNotification+Name.swift in Sources */ = {isa = PBXBuildFile; fileRef = E4EA79D723907019006C5890 /* NSNotification+Name.swift */; };
		E4EA79DC23953282006C5890 /* GameStatsViewController.swift in Sources */ = {isa = PBXBuildFile; fileRef = E4EA79DB23953282006C5890 /* GameStatsViewController.swift */; };
		E4EA79DE2395328D006C5890 /* GameStatsViewModel.swift in Sources */ = {isa = PBXBuildFile; fileRef = E4EA79DD2395328D006C5890 /* GameStatsViewModel.swift */; };
		E4F61646238A828A006D832B /* LoginViewController.swift in Sources */ = {isa = PBXBuildFile; fileRef = E4F61645238A828A006D832B /* LoginViewController.swift */; };
		E4F61648238A84CE006D832B /* API.swift in Sources */ = {isa = PBXBuildFile; fileRef = E4F61647238A84CE006D832B /* API.swift */; };
		E4F6164C238A89E7006D832B /* ProfileViewController.swift in Sources */ = {isa = PBXBuildFile; fileRef = E4F6164B238A89E7006D832B /* ProfileViewController.swift */; };
		E4F6164F238A8ABF006D832B /* UIViewController+Navigation.swift in Sources */ = {isa = PBXBuildFile; fileRef = E4F6164E238A8ABF006D832B /* UIViewController+Navigation.swift */; };
		EF632747C66FDBDCA8A13AEA /* Pods_SteamoTests.framework in Frameworks */ = {isa = PBXBuildFile; fileRef = D22F744156106D0ED63F9A16 /* Pods_SteamoTests.framework */; };
/* End PBXBuildFile section */

/* Begin PBXContainerItemProxy section */
		E43497A823859F9C0047B750 /* PBXContainerItemProxy */ = {
			isa = PBXContainerItemProxy;
			containerPortal = E434978923859F9A0047B750 /* Project object */;
			proxyType = 1;
			remoteGlobalIDString = E434979023859F9A0047B750;
			remoteInfo = Steamo;
		};
/* End PBXContainerItemProxy section */

/* Begin PBXFileReference section */
		113433CCF58085967C216540 /* Pods-SteamoTests.debug.xcconfig */ = {isa = PBXFileReference; includeInIndex = 1; lastKnownFileType = text.xcconfig; name = "Pods-SteamoTests.debug.xcconfig"; path = "Target Support Files/Pods-SteamoTests/Pods-SteamoTests.debug.xcconfig"; sourceTree = "<group>"; };
		1300BB512DA93974D783425C /* Pods-Steamo.release.xcconfig */ = {isa = PBXFileReference; includeInIndex = 1; lastKnownFileType = text.xcconfig; name = "Pods-Steamo.release.xcconfig"; path = "Target Support Files/Pods-Steamo/Pods-Steamo.release.xcconfig"; sourceTree = "<group>"; };
		6F82CCBFCAA542B61E1CC3F0 /* Pods_Steamo.framework */ = {isa = PBXFileReference; explicitFileType = wrapper.framework; includeInIndex = 0; path = Pods_Steamo.framework; sourceTree = BUILT_PRODUCTS_DIR; };
		9F68FD0524EC3C8800DF927E /* NewGameView.swift */ = {isa = PBXFileReference; fileEncoding = 4; lastKnownFileType = sourcecode.swift; path = NewGameView.swift; sourceTree = "<group>"; };
		9F68FD0724EC3C8E00DF927E /* CollectionHeaderView.swift */ = {isa = PBXFileReference; fileEncoding = 4; lastKnownFileType = sourcecode.swift; path = CollectionHeaderView.swift; sourceTree = "<group>"; };
		9F68FD0924EC400E00DF927E /* LeftLayout.swift */ = {isa = PBXFileReference; lastKnownFileType = sourcecode.swift; path = LeftLayout.swift; sourceTree = "<group>"; };
		CDF2DAB74C5B1A0D36B9788F /* Pods-Steamo.debug.xcconfig */ = {isa = PBXFileReference; includeInIndex = 1; lastKnownFileType = text.xcconfig; name = "Pods-Steamo.debug.xcconfig"; path = "Target Support Files/Pods-Steamo/Pods-Steamo.debug.xcconfig"; sourceTree = "<group>"; };
		D22F744156106D0ED63F9A16 /* Pods_SteamoTests.framework */ = {isa = PBXFileReference; explicitFileType = wrapper.framework; includeInIndex = 0; path = Pods_SteamoTests.framework; sourceTree = BUILT_PRODUCTS_DIR; };
		D41B7061CAA3A703A677EF81 /* Pods-SteamoTests.release.xcconfig */ = {isa = PBXFileReference; includeInIndex = 1; lastKnownFileType = text.xcconfig; name = "Pods-SteamoTests.release.xcconfig"; path = "Target Support Files/Pods-SteamoTests/Pods-SteamoTests.release.xcconfig"; sourceTree = "<group>"; };
		E4050370238D9D3700EC11A4 /* FriendTableViewCell.swift */ = {isa = PBXFileReference; lastKnownFileType = sourcecode.swift; path = FriendTableViewCell.swift; sourceTree = "<group>"; };
		E4050372238D9D4400EC11A4 /* FriendSectionViewModel.swift */ = {isa = PBXFileReference; lastKnownFileType = sourcecode.swift; path = FriendSectionViewModel.swift; sourceTree = "<group>"; };
		E4050375238DB05F00EC11A4 /* SessionsViewController.swift */ = {isa = PBXFileReference; lastKnownFileType = sourcecode.swift; path = SessionsViewController.swift; sourceTree = "<group>"; };
		E4050377238DB06B00EC11A4 /* SessionsViewModel.swift */ = {isa = PBXFileReference; lastKnownFileType = sourcecode.swift; path = SessionsViewModel.swift; sourceTree = "<group>"; };
		E414E22F238B3D9300A7AB93 /* ProfileViewModel.swift */ = {isa = PBXFileReference; lastKnownFileType = sourcecode.swift; path = ProfileViewModel.swift; sourceTree = "<group>"; };
		E414E232238B3E7800A7AB93 /* SteamAPINetworkAdapter.swift */ = {isa = PBXFileReference; lastKnownFileType = sourcecode.swift; path = SteamAPINetworkAdapter.swift; sourceTree = "<group>"; };
		E414E234238B3F6000A7AB93 /* UIColor+Appcolor.swift */ = {isa = PBXFileReference; lastKnownFileType = sourcecode.swift; path = "UIColor+Appcolor.swift"; sourceTree = "<group>"; };
		E414E236238B400000A7AB93 /* Colors.xcassets */ = {isa = PBXFileReference; lastKnownFileType = folder.assetcatalog; path = Colors.xcassets; sourceTree = "<group>"; };
		E414E239238B436500A7AB93 /* SteamoNavigationController.swift */ = {isa = PBXFileReference; lastKnownFileType = sourcecode.swift; path = SteamoNavigationController.swift; sourceTree = "<group>"; };
		E414E23B238B4BA500A7AB93 /* SteamoButton.swift */ = {isa = PBXFileReference; lastKnownFileType = sourcecode.swift; path = SteamoButton.swift; sourceTree = "<group>"; };
		E414E23F238B55C400A7AB93 /* SteamoError.swift */ = {isa = PBXFileReference; lastKnownFileType = sourcecode.swift; path = SteamoError.swift; sourceTree = "<group>"; };
		E414E243238B568600A7AB93 /* Profile.swift */ = {isa = PBXFileReference; lastKnownFileType = sourcecode.swift; path = Profile.swift; sourceTree = "<group>"; };
		E414E245238B607C00A7AB93 /* UITableView+Register.swift */ = {isa = PBXFileReference; lastKnownFileType = sourcecode.swift; path = "UITableView+Register.swift"; sourceTree = "<group>"; };
		E414E248238B60F400A7AB93 /* AvatarTableViewCell.swift */ = {isa = PBXFileReference; lastKnownFileType = sourcecode.swift; path = AvatarTableViewCell.swift; sourceTree = "<group>"; };
		E414E24A238B624600A7AB93 /* AvatarSectionViewModel.swift */ = {isa = PBXFileReference; lastKnownFileType = sourcecode.swift; path = AvatarSectionViewModel.swift; sourceTree = "<group>"; };
		E414E24C238B628600A7AB93 /* ProfileSectionViewModelRepresentable.swift */ = {isa = PBXFileReference; lastKnownFileType = sourcecode.swift; path = ProfileSectionViewModelRepresentable.swift; sourceTree = "<group>"; };
		E414E24E238B635800A7AB93 /* OwnedGamesSectionViewModel.swift */ = {isa = PBXFileReference; lastKnownFileType = sourcecode.swift; path = OwnedGamesSectionViewModel.swift; sourceTree = "<group>"; };
		E414E251238B9E9600A7AB93 /* Games.swift */ = {isa = PBXFileReference; lastKnownFileType = sourcecode.swift; path = Games.swift; sourceTree = "<group>"; };
		E414E253238BA98F00A7AB93 /* OwnedGamesTableViewCell.swift */ = {isa = PBXFileReference; lastKnownFileType = sourcecode.swift; path = OwnedGamesTableViewCell.swift; sourceTree = "<group>"; };
		E414E255238BAB8100A7AB93 /* UICollectionView+Register.swift */ = {isa = PBXFileReference; lastKnownFileType = sourcecode.swift; path = "UICollectionView+Register.swift"; sourceTree = "<group>"; };
		E414E257238BABD300A7AB93 /* GameView.swift */ = {isa = PBXFileReference; lastKnownFileType = sourcecode.swift; path = GameView.swift; sourceTree = "<group>"; };
		E434979123859F9A0047B750 /* Steamo.app */ = {isa = PBXFileReference; explicitFileType = wrapper.application; includeInIndex = 0; path = Steamo.app; sourceTree = BUILT_PRODUCTS_DIR; };
		E434979423859F9A0047B750 /* AppDelegate.swift */ = {isa = PBXFileReference; lastKnownFileType = sourcecode.swift; path = AppDelegate.swift; sourceTree = "<group>"; };
		E434979623859F9A0047B750 /* SceneDelegate.swift */ = {isa = PBXFileReference; lastKnownFileType = sourcecode.swift; path = SceneDelegate.swift; sourceTree = "<group>"; };
		E434979823859F9A0047B750 /* MainTabBarController.swift */ = {isa = PBXFileReference; lastKnownFileType = sourcecode.swift; path = MainTabBarController.swift; sourceTree = "<group>"; };
		E434979D23859F9C0047B750 /* Assets.xcassets */ = {isa = PBXFileReference; lastKnownFileType = folder.assetcatalog; path = Assets.xcassets; sourceTree = "<group>"; };
		E43497A023859F9C0047B750 /* Base */ = {isa = PBXFileReference; lastKnownFileType = file.storyboard; name = Base; path = Base.lproj/LaunchScreen.storyboard; sourceTree = "<group>"; };
		E43497A223859F9C0047B750 /* Info.plist */ = {isa = PBXFileReference; lastKnownFileType = text.plist.xml; path = Info.plist; sourceTree = "<group>"; };
		E43497A723859F9C0047B750 /* SteamoTests.xctest */ = {isa = PBXFileReference; explicitFileType = wrapper.cfbundle; includeInIndex = 0; path = SteamoTests.xctest; sourceTree = BUILT_PRODUCTS_DIR; };
		E43497AB23859F9C0047B750 /* SteamoTests.swift */ = {isa = PBXFileReference; lastKnownFileType = sourcecode.swift; path = SteamoTests.swift; sourceTree = "<group>"; };
		E43497AD23859F9C0047B750 /* Info.plist */ = {isa = PBXFileReference; lastKnownFileType = text.plist.xml; path = Info.plist; sourceTree = "<group>"; };
		E4424E06238DC14A00B5A7BD /* CollectionCellContainer.swift */ = {isa = PBXFileReference; lastKnownFileType = sourcecode.swift; path = CollectionCellContainer.swift; sourceTree = "<group>"; };
		E4424E08238DC17A00B5A7BD /* TableCellContainer.swift */ = {isa = PBXFileReference; lastKnownFileType = sourcecode.swift; path = TableCellContainer.swift; sourceTree = "<group>"; };
		E4424E0B238EE41C00B5A7BD /* ProfileRouter.swift */ = {isa = PBXFileReference; lastKnownFileType = sourcecode.swift; path = ProfileRouter.swift; sourceTree = "<group>"; };
		E4424E0D238EF54200B5A7BD /* String+SteamId.swift */ = {isa = PBXFileReference; lastKnownFileType = sourcecode.swift; path = "String+SteamId.swift"; sourceTree = "<group>"; };
		E4424E0F238EF58E00B5A7BD /* SteamVanity.swift */ = {isa = PBXFileReference; lastKnownFileType = sourcecode.swift; path = SteamVanity.swift; sourceTree = "<group>"; };
		E4424E11238EF5DD00B5A7BD /* SteamUser.swift */ = {isa = PBXFileReference; lastKnownFileType = sourcecode.swift; path = SteamUser.swift; sourceTree = "<group>"; };
		E4424E13238EF82F00B5A7BD /* Array+Safe.swift */ = {isa = PBXFileReference; lastKnownFileType = sourcecode.swift; path = "Array+Safe.swift"; sourceTree = "<group>"; };
		E4424E15238EFA6100B5A7BD /* SectionHeaderView.swift */ = {isa = PBXFileReference; lastKnownFileType = sourcecode.swift; path = SectionHeaderView.swift; sourceTree = "<group>"; };
		E4424E18238EFD9000B5A7BD /* SettingsViewController.swift */ = {isa = PBXFileReference; lastKnownFileType = sourcecode.swift; path = SettingsViewController.swift; sourceTree = "<group>"; };
		E4424E1A238EFDAE00B5A7BD /* SettingsViewModel.swift */ = {isa = PBXFileReference; lastKnownFileType = sourcecode.swift; path = SettingsViewModel.swift; sourceTree = "<group>"; };
		E4424E1C2390450400B5A7BD /* ProfileShimmeringView.swift */ = {isa = PBXFileReference; lastKnownFileType = sourcecode.swift; path = ProfileShimmeringView.swift; sourceTree = "<group>"; };
		E4687507238AF1ED00D7083E /* AuthRequestBuilder.swift */ = {isa = PBXFileReference; lastKnownFileType = sourcecode.swift; path = AuthRequestBuilder.swift; sourceTree = "<group>"; };
		E46FF16723993DD200272B17 /* MinutesXAxisValueFormatter.swift */ = {isa = PBXFileReference; lastKnownFileType = sourcecode.swift; path = MinutesXAxisValueFormatter.swift; sourceTree = "<group>"; };
		E46FF16923994BA800272B17 /* Dictionary+Add.swift */ = {isa = PBXFileReference; lastKnownFileType = sourcecode.swift; path = "Dictionary+Add.swift"; sourceTree = "<group>"; };
		E46FF16B239950A100272B17 /* DatabaseManager.swift */ = {isa = PBXFileReference; lastKnownFileType = sourcecode.swift; path = DatabaseManager.swift; sourceTree = "<group>"; };
		E46FF1702399839600272B17 /* SessionSectionViewModelRepresentable.swift */ = {isa = PBXFileReference; lastKnownFileType = sourcecode.swift; path = SessionSectionViewModelRepresentable.swift; sourceTree = "<group>"; };
		E46FF172239983FA00272B17 /* TwoWeekSessionsSectionViewModel.swift */ = {isa = PBXFileReference; lastKnownFileType = sourcecode.swift; path = TwoWeekSessionsSectionViewModel.swift; sourceTree = "<group>"; };
		E46FF1742399842200272B17 /* OlderSessionsSectionViewModel.swift */ = {isa = PBXFileReference; lastKnownFileType = sourcecode.swift; path = OlderSessionsSectionViewModel.swift; sourceTree = "<group>"; };
		E46FF17623998A0B00272B17 /* NoSessionsSectionViewModel.swift */ = {isa = PBXFileReference; lastKnownFileType = sourcecode.swift; path = NoSessionsSectionViewModel.swift; sourceTree = "<group>"; };
		E4A9E33D238D8F6700541359 /* Double+Pluralize.swift */ = {isa = PBXFileReference; lastKnownFileType = sourcecode.swift; path = "Double+Pluralize.swift"; sourceTree = "<group>"; };
		E4A9E340238D9AD200541359 /* Friends.swift */ = {isa = PBXFileReference; lastKnownFileType = sourcecode.swift; path = Friends.swift; sourceTree = "<group>"; };
		E4AE2B56239AF80A00CDD260 /* DefaultTableViewCell.swift */ = {isa = PBXFileReference; lastKnownFileType = sourcecode.swift; path = DefaultTableViewCell.swift; sourceTree = "<group>"; };
		E4AE2B58239B980A00CDD260 /* NoRecentSessionsSectionViewModel.swift */ = {isa = PBXFileReference; lastKnownFileType = sourcecode.swift; path = NoRecentSessionsSectionViewModel.swift; sourceTree = "<group>"; };
		E4C068AC23955FDB00A3F5F0 /* GameSchema.swift */ = {isa = PBXFileReference; lastKnownFileType = sourcecode.swift; path = GameSchema.swift; sourceTree = "<group>"; };
		E4C068AE239561D500A3F5F0 /* PlayerStats.swift */ = {isa = PBXFileReference; lastKnownFileType = sourcecode.swift; path = PlayerStats.swift; sourceTree = "<group>"; };
		E4C068B123956CD900A3F5F0 /* StatsSectionViewModelRepresentable.swift */ = {isa = PBXFileReference; lastKnownFileType = sourcecode.swift; path = StatsSectionViewModelRepresentable.swift; sourceTree = "<group>"; };
		E4C068B523956E3900A3F5F0 /* PlayerStatsSectionViewModel.swift */ = {isa = PBXFileReference; lastKnownFileType = sourcecode.swift; path = PlayerStatsSectionViewModel.swift; sourceTree = "<group>"; };
		E4C068B723956F8200A3F5F0 /* PlayerAchievementsSectionViewModel.swift */ = {isa = PBXFileReference; lastKnownFileType = sourcecode.swift; path = PlayerAchievementsSectionViewModel.swift; sourceTree = "<group>"; };
		E4C068B92395702500A3F5F0 /* PlayerStatTableViewCell.swift */ = {isa = PBXFileReference; lastKnownFileType = sourcecode.swift; path = PlayerStatTableViewCell.swift; sourceTree = "<group>"; };
		E4C068BB2395708800A3F5F0 /* SteamoLabel.swift */ = {isa = PBXFileReference; lastKnownFileType = sourcecode.swift; path = SteamoLabel.swift; sourceTree = "<group>"; };
		E4C068BD23957EC000A3F5F0 /* PlayerAchievementsTableViewCell.swift */ = {isa = PBXFileReference; lastKnownFileType = sourcecode.swift; path = PlayerAchievementsTableViewCell.swift; sourceTree = "<group>"; };
		E4C068C023959C6D00A3F5F0 /* StatsErrorSectionViewModel.swift */ = {isa = PBXFileReference; lastKnownFileType = sourcecode.swift; path = StatsErrorSectionViewModel.swift; sourceTree = "<group>"; };
		E4C068C223959CC700A3F5F0 /* StatsErrorTableViewCell.swift */ = {isa = PBXFileReference; lastKnownFileType = sourcecode.swift; path = StatsErrorTableViewCell.swift; sourceTree = "<group>"; };
		E4C068C42395A28600A3F5F0 /* NoPlayerStatsSectionViewModel.swift */ = {isa = PBXFileReference; lastKnownFileType = sourcecode.swift; path = NoPlayerStatsSectionViewModel.swift; sourceTree = "<group>"; };
		E4C068C62395A2C100A3F5F0 /* NoPlayerAchievementsSectionViewModel.swift */ = {isa = PBXFileReference; lastKnownFileType = sourcecode.swift; path = NoPlayerAchievementsSectionViewModel.swift; sourceTree = "<group>"; };
		E4C068C823965BCD00A3F5F0 /* Integer+Bits.swift */ = {isa = PBXFileReference; lastKnownFileType = sourcecode.swift; path = "Integer+Bits.swift"; sourceTree = "<group>"; };
		E4C068CB23965C2100A3F5F0 /* Dota2StatsViewController.swift */ = {isa = PBXFileReference; lastKnownFileType = sourcecode.swift; path = Dota2StatsViewController.swift; sourceTree = "<group>"; };
		E4C068CD23965C6200A3F5F0 /* Dota2StatsViewModel.swift */ = {isa = PBXFileReference; lastKnownFileType = sourcecode.swift; path = Dota2StatsViewModel.swift; sourceTree = "<group>"; };
		E4C068CF23965D7000A3F5F0 /* SteamAPINetworkAdapter+Dota2.swift */ = {isa = PBXFileReference; lastKnownFileType = sourcecode.swift; path = "SteamAPINetworkAdapter+Dota2.swift"; sourceTree = "<group>"; };
		E4C068D22396600000A3F5F0 /* MatchHistory.swift */ = {isa = PBXFileReference; lastKnownFileType = sourcecode.swift; path = MatchHistory.swift; sourceTree = "<group>"; };
		E4C068D42396604100A3F5F0 /* MatchDetails.swift */ = {isa = PBXFileReference; lastKnownFileType = sourcecode.swift; path = MatchDetails.swift; sourceTree = "<group>"; };
		E4C068D82396828C00A3F5F0 /* Dota2StatsSectionViewModelRepresentable.swift */ = {isa = PBXFileReference; lastKnownFileType = sourcecode.swift; path = Dota2StatsSectionViewModelRepresentable.swift; sourceTree = "<group>"; };
		E4C068DB2396832C00A3F5F0 /* WinRateTableViewCell.swift */ = {isa = PBXFileReference; lastKnownFileType = sourcecode.swift; path = WinRateTableViewCell.swift; sourceTree = "<group>"; };
		E4C068DD2396842300A3F5F0 /* WinRateSectionViewModel.swift */ = {isa = PBXFileReference; lastKnownFileType = sourcecode.swift; path = WinRateSectionViewModel.swift; sourceTree = "<group>"; };
		E4C068E22396C50C00A3F5F0 /* DependencyContainer.swift */ = {isa = PBXFileReference; lastKnownFileType = sourcecode.swift; path = DependencyContainer.swift; sourceTree = "<group>"; };
		E4C068E42396C52500A3F5F0 /* ViewControllerFactory.swift */ = {isa = PBXFileReference; lastKnownFileType = sourcecode.swift; path = ViewControllerFactory.swift; sourceTree = "<group>"; };
		E4C068E82396C72600A3F5F0 /* ViewModelFactory.swift */ = {isa = PBXFileReference; lastKnownFileType = sourcecode.swift; path = ViewModelFactory.swift; sourceTree = "<group>"; };
		E4D4AA972397044700867281 /* NoFriendsSectionViewModel.swift */ = {isa = PBXFileReference; lastKnownFileType = sourcecode.swift; path = NoFriendsSectionViewModel.swift; sourceTree = "<group>"; };
		E4D4AA992397048B00867281 /* NoOwnedGamesSectionViewModel.swift */ = {isa = PBXFileReference; lastKnownFileType = sourcecode.swift; path = NoOwnedGamesSectionViewModel.swift; sourceTree = "<group>"; };
		E4D4AA9D23970E1800867281 /* Dota2ErrorSectionViewModel.swift */ = {isa = PBXFileReference; lastKnownFileType = sourcecode.swift; path = Dota2ErrorSectionViewModel.swift; sourceTree = "<group>"; };
		E4D4AAA023971BBD00867281 /* MatchesByDateTableViewCell.swift */ = {isa = PBXFileReference; lastKnownFileType = sourcecode.swift; path = MatchesByDateTableViewCell.swift; sourceTree = "<group>"; };
		E4D4AAA223971BCB00867281 /* MatchesByDateSectionViewModel.swift */ = {isa = PBXFileReference; lastKnownFileType = sourcecode.swift; path = MatchesByDateSectionViewModel.swift; sourceTree = "<group>"; };
		E4D4AAA92397B77800867281 /* DayXAxisValueFormatter.swift */ = {isa = PBXFileReference; lastKnownFileType = sourcecode.swift; path = DayXAxisValueFormatter.swift; sourceTree = "<group>"; };
		E4D4AAAB2398083F00867281 /* HoursXAxisValueFormatter.swift */ = {isa = PBXFileReference; lastKnownFileType = sourcecode.swift; path = HoursXAxisValueFormatter.swift; sourceTree = "<group>"; };
		E4EA79D723907019006C5890 /* NSNotification+Name.swift */ = {isa = PBXFileReference; lastKnownFileType = sourcecode.swift; path = "NSNotification+Name.swift"; sourceTree = "<group>"; };
		E4EA79DB23953282006C5890 /* GameStatsViewController.swift */ = {isa = PBXFileReference; lastKnownFileType = sourcecode.swift; path = GameStatsViewController.swift; sourceTree = "<group>"; };
		E4EA79DD2395328D006C5890 /* GameStatsViewModel.swift */ = {isa = PBXFileReference; lastKnownFileType = sourcecode.swift; path = GameStatsViewModel.swift; sourceTree = "<group>"; };
		E4F61645238A828A006D832B /* LoginViewController.swift */ = {isa = PBXFileReference; lastKnownFileType = sourcecode.swift; path = LoginViewController.swift; sourceTree = "<group>"; };
		E4F61647238A84CE006D832B /* API.swift */ = {isa = PBXFileReference; lastKnownFileType = sourcecode.swift; path = API.swift; sourceTree = "<group>"; };
		E4F6164B238A89E7006D832B /* ProfileViewController.swift */ = {isa = PBXFileReference; lastKnownFileType = sourcecode.swift; path = ProfileViewController.swift; sourceTree = "<group>"; };
		E4F6164E238A8ABF006D832B /* UIViewController+Navigation.swift */ = {isa = PBXFileReference; lastKnownFileType = sourcecode.swift; path = "UIViewController+Navigation.swift"; sourceTree = "<group>"; };
/* End PBXFileReference section */

/* Begin PBXFrameworksBuildPhase section */
		E434978E23859F9A0047B750 /* Frameworks */ = {
			isa = PBXFrameworksBuildPhase;
			buildActionMask = 2147483647;
			files = (
				AE81A28DE8CC25A32BA71119 /* Pods_Steamo.framework in Frameworks */,
			);
			runOnlyForDeploymentPostprocessing = 0;
		};
		E43497A423859F9C0047B750 /* Frameworks */ = {
			isa = PBXFrameworksBuildPhase;
			buildActionMask = 2147483647;
			files = (
				EF632747C66FDBDCA8A13AEA /* Pods_SteamoTests.framework in Frameworks */,
			);
			runOnlyForDeploymentPostprocessing = 0;
		};
/* End PBXFrameworksBuildPhase section */

/* Begin PBXGroup section */
		4DE62FE3BAE71895DB031DC8 /* Frameworks */ = {
			isa = PBXGroup;
			children = (
				6F82CCBFCAA542B61E1CC3F0 /* Pods_Steamo.framework */,
				D22F744156106D0ED63F9A16 /* Pods_SteamoTests.framework */,
			);
			name = Frameworks;
			sourceTree = "<group>";
		};
		B0DAE9430D6782F5BBB7EE6A /* Pods */ = {
			isa = PBXGroup;
			children = (
				CDF2DAB74C5B1A0D36B9788F /* Pods-Steamo.debug.xcconfig */,
				1300BB512DA93974D783425C /* Pods-Steamo.release.xcconfig */,
				113433CCF58085967C216540 /* Pods-SteamoTests.debug.xcconfig */,
				D41B7061CAA3A703A677EF81 /* Pods-SteamoTests.release.xcconfig */,
			);
			path = Pods;
			sourceTree = "<group>";
		};
		E4050374238DB04000EC11A4 /* Sessions */ = {
			isa = PBXGroup;
			children = (
				E46FF16F2399838200272B17 /* Sections */,
				E4050377238DB06B00EC11A4 /* SessionsViewModel.swift */,
				E4050375238DB05F00EC11A4 /* SessionsViewController.swift */,
			);
			path = Sessions;
			sourceTree = "<group>";
		};
		E414E231238B3E6800A7AB93 /* Network */ = {
			isa = PBXGroup;
			children = (
				E4687507238AF1ED00D7083E /* AuthRequestBuilder.swift */,
				E414E232238B3E7800A7AB93 /* SteamAPINetworkAdapter.swift */,
				E4C068CF23965D7000A3F5F0 /* SteamAPINetworkAdapter+Dota2.swift */,
			);
			path = Network;
			sourceTree = "<group>";
		};
		E414E238238B434F00A7AB93 /* UI */ = {
			isa = PBXGroup;
			children = (
				E4AE2B55239AF7F500CDD260 /* Cells */,
				E4424E05238DC0F700B5A7BD /* Cell Containers */,
				E414E239238B436500A7AB93 /* SteamoNavigationController.swift */,
				E414E23B238B4BA500A7AB93 /* SteamoButton.swift */,
				E4C068BB2395708800A3F5F0 /* SteamoLabel.swift */,
				E414E257238BABD300A7AB93 /* GameView.swift */,
				9F68FD0724EC3C8E00DF927E /* CollectionHeaderView.swift */,
				9F68FD0924EC400E00DF927E /* LeftLayout.swift */,
				9F68FD0524EC3C8800DF927E /* NewGameView.swift */,
				E4424E15238EFA6100B5A7BD /* SectionHeaderView.swift */,
				E4424E1C2390450400B5A7BD /* ProfileShimmeringView.swift */,
			);
			path = UI;
			sourceTree = "<group>";
		};
		E414E23D238B55A800A7AB93 /* Models */ = {
			isa = PBXGroup;
			children = (
				E4C068D123965FF300A3F5F0 /* Dota2 */,
				E414E243238B568600A7AB93 /* Profile.swift */,
				E4A9E340238D9AD200541359 /* Friends.swift */,
				E414E251238B9E9600A7AB93 /* Games.swift */,
				E4C068AC23955FDB00A3F5F0 /* GameSchema.swift */,
				E4C068AE239561D500A3F5F0 /* PlayerStats.swift */,
				E4424E0F238EF58E00B5A7BD /* SteamVanity.swift */,
				E4424E11238EF5DD00B5A7BD /* SteamUser.swift */,
				E414E23F238B55C400A7AB93 /* SteamoError.swift */,
			);
			path = Models;
			sourceTree = "<group>";
		};
		E414E247238B60E600A7AB93 /* Sections */ = {
			isa = PBXGroup;
			children = (
				E414E24C238B628600A7AB93 /* ProfileSectionViewModelRepresentable.swift */,
				E45559AC238D9C7A000A5AC8 /* Avatar */,
				E45559AD238D9C97000A5AC8 /* Games */,
				E45559AE238D9CA8000A5AC8 /* Friends */,
			);
			path = Sections;
			sourceTree = "<group>";
		};
		E434978823859F9A0047B750 = {
			isa = PBXGroup;
			children = (
				E434979323859F9A0047B750 /* Steamo */,
				E43497AA23859F9C0047B750 /* SteamoTests */,
				E434979223859F9A0047B750 /* Products */,
				B0DAE9430D6782F5BBB7EE6A /* Pods */,
				4DE62FE3BAE71895DB031DC8 /* Frameworks */,
			);
			sourceTree = "<group>";
		};
		E434979223859F9A0047B750 /* Products */ = {
			isa = PBXGroup;
			children = (
				E434979123859F9A0047B750 /* Steamo.app */,
				E43497A723859F9C0047B750 /* SteamoTests.xctest */,
			);
			name = Products;
			sourceTree = "<group>";
		};
		E434979323859F9A0047B750 /* Steamo */ = {
			isa = PBXGroup;
			children = (
				E45BDFE7238A80FE005AA028 /* App */,
				E414E238238B434F00A7AB93 /* UI */,
				E4687509238B23E900D7083E /* Keys */,
				E4687506238AF1DD00D7083E /* Services */,
				E4F61649238A89CB006D832B /* Screens */,
				E4424E0A238EE40600B5A7BD /* Routers */,
				E414E23D238B55A800A7AB93 /* Models */,
				E4F6164D238A8AA7006D832B /* Extensions */,
				E434979D23859F9C0047B750 /* Assets.xcassets */,
				E414E236238B400000A7AB93 /* Colors.xcassets */,
				E434979F23859F9C0047B750 /* LaunchScreen.storyboard */,
				E43497A223859F9C0047B750 /* Info.plist */,
			);
			path = Steamo;
			sourceTree = "<group>";
		};
		E43497AA23859F9C0047B750 /* SteamoTests */ = {
			isa = PBXGroup;
			children = (
				E43497AB23859F9C0047B750 /* SteamoTests.swift */,
				E43497AD23859F9C0047B750 /* Info.plist */,
			);
			path = SteamoTests;
			sourceTree = "<group>";
		};
		E4424E05238DC0F700B5A7BD /* Cell Containers */ = {
			isa = PBXGroup;
			children = (
				E4424E06238DC14A00B5A7BD /* CollectionCellContainer.swift */,
				E4424E08238DC17A00B5A7BD /* TableCellContainer.swift */,
			);
			path = "Cell Containers";
			sourceTree = "<group>";
		};
		E4424E0A238EE40600B5A7BD /* Routers */ = {
			isa = PBXGroup;
			children = (
				E4424E0B238EE41C00B5A7BD /* ProfileRouter.swift */,
			);
			path = Routers;
			sourceTree = "<group>";
		};
		E4424E17238EFD7F00B5A7BD /* Settings */ = {
			isa = PBXGroup;
			children = (
				E4AE2B532399B1C400CDD260 /* Cells */,
				E4424E1A238EFDAE00B5A7BD /* SettingsViewModel.swift */,
				E4424E18238EFD9000B5A7BD /* SettingsViewController.swift */,
			);
			path = Settings;
			sourceTree = "<group>";
		};
		E45559AC238D9C7A000A5AC8 /* Avatar */ = {
			isa = PBXGroup;
			children = (
				E414E248238B60F400A7AB93 /* AvatarTableViewCell.swift */,
				E414E24A238B624600A7AB93 /* AvatarSectionViewModel.swift */,
			);
			path = Avatar;
			sourceTree = "<group>";
		};
		E45559AD238D9C97000A5AC8 /* Games */ = {
			isa = PBXGroup;
			children = (
				E414E253238BA98F00A7AB93 /* OwnedGamesTableViewCell.swift */,
				E414E24E238B635800A7AB93 /* OwnedGamesSectionViewModel.swift */,
				E4D4AA992397048B00867281 /* NoOwnedGamesSectionViewModel.swift */,
			);
			path = Games;
			sourceTree = "<group>";
		};
		E45559AE238D9CA8000A5AC8 /* Friends */ = {
			isa = PBXGroup;
			children = (
				E4050370238D9D3700EC11A4 /* FriendTableViewCell.swift */,
				E4050372238D9D4400EC11A4 /* FriendSectionViewModel.swift */,
				E4D4AA972397044700867281 /* NoFriendsSectionViewModel.swift */,
			);
			path = Friends;
			sourceTree = "<group>";
		};
		E45BDFE7238A80FE005AA028 /* App */ = {
			isa = PBXGroup;
			children = (
				E434979423859F9A0047B750 /* AppDelegate.swift */,
				E434979623859F9A0047B750 /* SceneDelegate.swift */,
			);
			path = App;
			sourceTree = "<group>";
		};
		E4687506238AF1DD00D7083E /* Services */ = {
			isa = PBXGroup;
			children = (
				E4D4AAA82397B76400867281 /* Charts */,
				E4C068E12396C4F700A3F5F0 /* DI */,
				E414E231238B3E6800A7AB93 /* Network */,
				E4C068D62396786B00A3F5F0 /* Persistence */,
			);
			path = Services;
			sourceTree = "<group>";
		};
		E4687509238B23E900D7083E /* Keys */ = {
			isa = PBXGroup;
			children = (
				E4F61647238A84CE006D832B /* API.swift */,
			);
			path = Keys;
			sourceTree = "<group>";
		};
		E46FF16F2399838200272B17 /* Sections */ = {
			isa = PBXGroup;
			children = (
				E46FF1702399839600272B17 /* SessionSectionViewModelRepresentable.swift */,
				E46FF172239983FA00272B17 /* TwoWeekSessionsSectionViewModel.swift */,
				E46FF1742399842200272B17 /* OlderSessionsSectionViewModel.swift */,
				E4AE2B58239B980A00CDD260 /* NoRecentSessionsSectionViewModel.swift */,
				E46FF17623998A0B00272B17 /* NoSessionsSectionViewModel.swift */,
			);
			path = Sections;
			sourceTree = "<group>";
		};
		E4AE2B532399B1C400CDD260 /* Cells */ = {
			isa = PBXGroup;
			children = (
			);
			path = Cells;
			sourceTree = "<group>";
		};
		E4AE2B55239AF7F500CDD260 /* Cells */ = {
			isa = PBXGroup;
			children = (
				E4AE2B56239AF80A00CDD260 /* DefaultTableViewCell.swift */,
			);
			path = Cells;
			sourceTree = "<group>";
		};
		E4C068B023956CC500A3F5F0 /* Sections */ = {
			isa = PBXGroup;
			children = (
				E4C068B123956CD900A3F5F0 /* StatsSectionViewModelRepresentable.swift */,
				E4C068B323956CDE00A3F5F0 /* Stats */,
				E4C068B423956CE300A3F5F0 /* Achievements */,
				E4C068BF23959C5300A3F5F0 /* Error */,
			);
			path = Sections;
			sourceTree = "<group>";
		};
		E4C068B323956CDE00A3F5F0 /* Stats */ = {
			isa = PBXGroup;
			children = (
				E4C068B523956E3900A3F5F0 /* PlayerStatsSectionViewModel.swift */,
				E4C068B92395702500A3F5F0 /* PlayerStatTableViewCell.swift */,
			);
			path = Stats;
			sourceTree = "<group>";
		};
		E4C068B423956CE300A3F5F0 /* Achievements */ = {
			isa = PBXGroup;
			children = (
				E4C068B723956F8200A3F5F0 /* PlayerAchievementsSectionViewModel.swift */,
				E4C068BD23957EC000A3F5F0 /* PlayerAchievementsTableViewCell.swift */,
			);
			path = Achievements;
			sourceTree = "<group>";
		};
		E4C068BF23959C5300A3F5F0 /* Error */ = {
			isa = PBXGroup;
			children = (
				E4C068C42395A28600A3F5F0 /* NoPlayerStatsSectionViewModel.swift */,
				E4C068C62395A2C100A3F5F0 /* NoPlayerAchievementsSectionViewModel.swift */,
				E4C068C023959C6D00A3F5F0 /* StatsErrorSectionViewModel.swift */,
				E4C068C223959CC700A3F5F0 /* StatsErrorTableViewCell.swift */,
			);
			path = Error;
			sourceTree = "<group>";
		};
		E4C068CA23965C0700A3F5F0 /* Dota2Stats */ = {
			isa = PBXGroup;
			children = (
				E4C068D72396821C00A3F5F0 /* Sections */,
				E4C068CD23965C6200A3F5F0 /* Dota2StatsViewModel.swift */,
				E4C068CB23965C2100A3F5F0 /* Dota2StatsViewController.swift */,
			);
			path = Dota2Stats;
			sourceTree = "<group>";
		};
		E4C068D123965FF300A3F5F0 /* Dota2 */ = {
			isa = PBXGroup;
			children = (
				E4C068D22396600000A3F5F0 /* MatchHistory.swift */,
				E4C068D42396604100A3F5F0 /* MatchDetails.swift */,
			);
			path = Dota2;
			sourceTree = "<group>";
		};
		E4C068D62396786B00A3F5F0 /* Persistence */ = {
			isa = PBXGroup;
			children = (
				E46FF16B239950A100272B17 /* DatabaseManager.swift */,
			);
			path = Persistence;
			sourceTree = "<group>";
		};
		E4C068D72396821C00A3F5F0 /* Sections */ = {
			isa = PBXGroup;
			children = (
				E4C068D82396828C00A3F5F0 /* Dota2StatsSectionViewModelRepresentable.swift */,
				E4C068DA2396830E00A3F5F0 /* WinRate */,
				E4D4AA9F23971B9300867281 /* MatchesByDate */,
				E4D4AA9C23970DFB00867281 /* Error */,
			);
			path = Sections;
			sourceTree = "<group>";
		};
		E4C068DA2396830E00A3F5F0 /* WinRate */ = {
			isa = PBXGroup;
			children = (
				E4C068DB2396832C00A3F5F0 /* WinRateTableViewCell.swift */,
				E4C068DD2396842300A3F5F0 /* WinRateSectionViewModel.swift */,
			);
			path = WinRate;
			sourceTree = "<group>";
		};
		E4C068E12396C4F700A3F5F0 /* DI */ = {
			isa = PBXGroup;
			children = (
				E4C068EC2396C97F00A3F5F0 /* Protocols */,
				E4C068E22396C50C00A3F5F0 /* DependencyContainer.swift */,
			);
			path = DI;
			sourceTree = "<group>";
		};
		E4C068EC2396C97F00A3F5F0 /* Protocols */ = {
			isa = PBXGroup;
			children = (
				E4C068E42396C52500A3F5F0 /* ViewControllerFactory.swift */,
				E4C068E82396C72600A3F5F0 /* ViewModelFactory.swift */,
			);
			path = Protocols;
			sourceTree = "<group>";
		};
		E4D4AA9C23970DFB00867281 /* Error */ = {
			isa = PBXGroup;
			children = (
				E4D4AA9D23970E1800867281 /* Dota2ErrorSectionViewModel.swift */,
			);
			path = Error;
			sourceTree = "<group>";
		};
		E4D4AA9F23971B9300867281 /* MatchesByDate */ = {
			isa = PBXGroup;
			children = (
				E4D4AAA023971BBD00867281 /* MatchesByDateTableViewCell.swift */,
				E4D4AAA223971BCB00867281 /* MatchesByDateSectionViewModel.swift */,
			);
			path = MatchesByDate;
			sourceTree = "<group>";
		};
		E4D4AAA82397B76400867281 /* Charts */ = {
			isa = PBXGroup;
			children = (
				E4D4AAA92397B77800867281 /* DayXAxisValueFormatter.swift */,
				E4D4AAAB2398083F00867281 /* HoursXAxisValueFormatter.swift */,
				E46FF16723993DD200272B17 /* MinutesXAxisValueFormatter.swift */,
			);
			path = Charts;
			sourceTree = "<group>";
		};
		E4EA79D923953266006C5890 /* RootProfile */ = {
			isa = PBXGroup;
			children = (
				E414E247238B60E600A7AB93 /* Sections */,
				E414E22F238B3D9300A7AB93 /* ProfileViewModel.swift */,
				E4F6164B238A89E7006D832B /* ProfileViewController.swift */,
			);
			path = RootProfile;
			sourceTree = "<group>";
		};
		E4EA79DA23953274006C5890 /* GameStats */ = {
			isa = PBXGroup;
			children = (
				E4C068B023956CC500A3F5F0 /* Sections */,
				E4EA79DD2395328D006C5890 /* GameStatsViewModel.swift */,
				E4EA79DB23953282006C5890 /* GameStatsViewController.swift */,
			);
			path = GameStats;
			sourceTree = "<group>";
		};
		E4F61644238A826E006D832B /* Login */ = {
			isa = PBXGroup;
			children = (
				E4F61645238A828A006D832B /* LoginViewController.swift */,
			);
			path = Login;
			sourceTree = "<group>";
		};
		E4F61649238A89CB006D832B /* Screens */ = {
			isa = PBXGroup;
			children = (
				E434979823859F9A0047B750 /* MainTabBarController.swift */,
				E4F61644238A826E006D832B /* Login */,
				E4F6164A238A89D6006D832B /* Profile */,
				E4050374238DB04000EC11A4 /* Sessions */,
				E4424E17238EFD7F00B5A7BD /* Settings */,
			);
			path = Screens;
			sourceTree = "<group>";
		};
		E4F6164A238A89D6006D832B /* Profile */ = {
			isa = PBXGroup;
			children = (
				E4EA79D923953266006C5890 /* RootProfile */,
				E4EA79DA23953274006C5890 /* GameStats */,
				E4C068CA23965C0700A3F5F0 /* Dota2Stats */,
			);
			path = Profile;
			sourceTree = "<group>";
		};
		E4F6164D238A8AA7006D832B /* Extensions */ = {
			isa = PBXGroup;
			children = (
				E4F6164E238A8ABF006D832B /* UIViewController+Navigation.swift */,
				E414E234238B3F6000A7AB93 /* UIColor+Appcolor.swift */,
				E414E245238B607C00A7AB93 /* UITableView+Register.swift */,
				E414E255238BAB8100A7AB93 /* UICollectionView+Register.swift */,
				E4A9E33D238D8F6700541359 /* Double+Pluralize.swift */,
				E4424E0D238EF54200B5A7BD /* String+SteamId.swift */,
				E4424E13238EF82F00B5A7BD /* Array+Safe.swift */,
				E4EA79D723907019006C5890 /* NSNotification+Name.swift */,
				E4C068C823965BCD00A3F5F0 /* Integer+Bits.swift */,
				E46FF16923994BA800272B17 /* Dictionary+Add.swift */,
			);
			path = Extensions;
			sourceTree = "<group>";
		};
/* End PBXGroup section */

/* Begin PBXNativeTarget section */
		E434979023859F9A0047B750 /* Steamo */ = {
			isa = PBXNativeTarget;
			buildConfigurationList = E43497B023859F9C0047B750 /* Build configuration list for PBXNativeTarget "Steamo" */;
			buildPhases = (
				5F98F67533B9739E8CF753F8 /* [CP] Check Pods Manifest.lock */,
				E434978D23859F9A0047B750 /* Sources */,
				E434978E23859F9A0047B750 /* Frameworks */,
				E434978F23859F9A0047B750 /* Resources */,
				BA3AE9F2EEED17C5D5FD524D /* [CP] Embed Pods Frameworks */,
			);
			buildRules = (
			);
			dependencies = (
			);
			name = Steamo;
			productName = Steamo;
			productReference = E434979123859F9A0047B750 /* Steamo.app */;
			productType = "com.apple.product-type.application";
		};
		E43497A623859F9C0047B750 /* SteamoTests */ = {
			isa = PBXNativeTarget;
			buildConfigurationList = E43497B323859F9C0047B750 /* Build configuration list for PBXNativeTarget "SteamoTests" */;
			buildPhases = (
				E39C5B25C0B5A2A040B27832 /* [CP] Check Pods Manifest.lock */,
				E43497A323859F9C0047B750 /* Sources */,
				E43497A423859F9C0047B750 /* Frameworks */,
				E43497A523859F9C0047B750 /* Resources */,
			);
			buildRules = (
			);
			dependencies = (
				E43497A923859F9C0047B750 /* PBXTargetDependency */,
			);
			name = SteamoTests;
			productName = SteamoTests;
			productReference = E43497A723859F9C0047B750 /* SteamoTests.xctest */;
			productType = "com.apple.product-type.bundle.unit-test";
		};
/* End PBXNativeTarget section */

/* Begin PBXProject section */
		E434978923859F9A0047B750 /* Project object */ = {
			isa = PBXProject;
			attributes = {
				LastSwiftUpdateCheck = 1120;
				LastUpgradeCheck = 1120;
				ORGANIZATIONNAME = "Max Kraev";
				TargetAttributes = {
					E434979023859F9A0047B750 = {
						CreatedOnToolsVersion = 11.2.1;
					};
					E43497A623859F9C0047B750 = {
						CreatedOnToolsVersion = 11.2.1;
						TestTargetID = E434979023859F9A0047B750;
					};
				};
			};
			buildConfigurationList = E434978C23859F9A0047B750 /* Build configuration list for PBXProject "Steamo" */;
			compatibilityVersion = "Xcode 9.3";
			developmentRegion = en;
			hasScannedForEncodings = 0;
			knownRegions = (
				en,
				Base,
			);
			mainGroup = E434978823859F9A0047B750;
			productRefGroup = E434979223859F9A0047B750 /* Products */;
			projectDirPath = "";
			projectRoot = "";
			targets = (
				E434979023859F9A0047B750 /* Steamo */,
				E43497A623859F9C0047B750 /* SteamoTests */,
			);
		};
/* End PBXProject section */

/* Begin PBXResourcesBuildPhase section */
		E434978F23859F9A0047B750 /* Resources */ = {
			isa = PBXResourcesBuildPhase;
			buildActionMask = 2147483647;
			files = (
				E414E237238B400000A7AB93 /* Colors.xcassets in Resources */,
				E43497A123859F9C0047B750 /* LaunchScreen.storyboard in Resources */,
				E434979E23859F9C0047B750 /* Assets.xcassets in Resources */,
			);
			runOnlyForDeploymentPostprocessing = 0;
		};
		E43497A523859F9C0047B750 /* Resources */ = {
			isa = PBXResourcesBuildPhase;
			buildActionMask = 2147483647;
			files = (
			);
			runOnlyForDeploymentPostprocessing = 0;
		};
/* End PBXResourcesBuildPhase section */

/* Begin PBXShellScriptBuildPhase section */
		5F98F67533B9739E8CF753F8 /* [CP] Check Pods Manifest.lock */ = {
			isa = PBXShellScriptBuildPhase;
			buildActionMask = 2147483647;
			files = (
			);
			inputFileListPaths = (
			);
			inputPaths = (
				"${PODS_PODFILE_DIR_PATH}/Podfile.lock",
				"${PODS_ROOT}/Manifest.lock",
			);
			name = "[CP] Check Pods Manifest.lock";
			outputFileListPaths = (
			);
			outputPaths = (
				"$(DERIVED_FILE_DIR)/Pods-Steamo-checkManifestLockResult.txt",
			);
			runOnlyForDeploymentPostprocessing = 0;
			shellPath = /bin/sh;
			shellScript = "diff \"${PODS_PODFILE_DIR_PATH}/Podfile.lock\" \"${PODS_ROOT}/Manifest.lock\" > /dev/null\nif [ $? != 0 ] ; then\n    # print error to STDERR\n    echo \"error: The sandbox is not in sync with the Podfile.lock. Run 'pod install' or update your CocoaPods installation.\" >&2\n    exit 1\nfi\n# This output is used by Xcode 'outputs' to avoid re-running this script phase.\necho \"SUCCESS\" > \"${SCRIPT_OUTPUT_FILE_0}\"\n";
			showEnvVarsInLog = 0;
		};
		BA3AE9F2EEED17C5D5FD524D /* [CP] Embed Pods Frameworks */ = {
			isa = PBXShellScriptBuildPhase;
			buildActionMask = 2147483647;
			files = (
			);
			inputFileListPaths = (
				"${PODS_ROOT}/Target Support Files/Pods-Steamo/Pods-Steamo-frameworks-${CONFIGURATION}-input-files.xcfilelist",
			);
			name = "[CP] Embed Pods Frameworks";
			outputFileListPaths = (
				"${PODS_ROOT}/Target Support Files/Pods-Steamo/Pods-Steamo-frameworks-${CONFIGURATION}-output-files.xcfilelist",
			);
			runOnlyForDeploymentPostprocessing = 0;
			shellPath = /bin/sh;
			shellScript = "\"${PODS_ROOT}/Target Support Files/Pods-Steamo/Pods-Steamo-frameworks.sh\"\n";
			showEnvVarsInLog = 0;
		};
		E39C5B25C0B5A2A040B27832 /* [CP] Check Pods Manifest.lock */ = {
			isa = PBXShellScriptBuildPhase;
			buildActionMask = 2147483647;
			files = (
			);
			inputFileListPaths = (
			);
			inputPaths = (
				"${PODS_PODFILE_DIR_PATH}/Podfile.lock",
				"${PODS_ROOT}/Manifest.lock",
			);
			name = "[CP] Check Pods Manifest.lock";
			outputFileListPaths = (
			);
			outputPaths = (
				"$(DERIVED_FILE_DIR)/Pods-SteamoTests-checkManifestLockResult.txt",
			);
			runOnlyForDeploymentPostprocessing = 0;
			shellPath = /bin/sh;
			shellScript = "diff \"${PODS_PODFILE_DIR_PATH}/Podfile.lock\" \"${PODS_ROOT}/Manifest.lock\" > /dev/null\nif [ $? != 0 ] ; then\n    # print error to STDERR\n    echo \"error: The sandbox is not in sync with the Podfile.lock. Run 'pod install' or update your CocoaPods installation.\" >&2\n    exit 1\nfi\n# This output is used by Xcode 'outputs' to avoid re-running this script phase.\necho \"SUCCESS\" > \"${SCRIPT_OUTPUT_FILE_0}\"\n";
			showEnvVarsInLog = 0;
		};
/* End PBXShellScriptBuildPhase section */

/* Begin PBXSourcesBuildPhase section */
		E434978D23859F9A0047B750 /* Sources */ = {
			isa = PBXSourcesBuildPhase;
			buildActionMask = 2147483647;
			files = (
				E46FF1752399842200272B17 /* OlderSessionsSectionViewModel.swift in Sources */,
				E4424E14238EF82F00B5A7BD /* Array+Safe.swift in Sources */,
				E4C068C72395A2C100A3F5F0 /* NoPlayerAchievementsSectionViewModel.swift in Sources */,
				E4C068D52396604100A3F5F0 /* MatchDetails.swift in Sources */,
				E46FF16A23994BA800272B17 /* Dictionary+Add.swift in Sources */,
				E4D4AAA323971BCB00867281 /* MatchesByDateSectionViewModel.swift in Sources */,
				E46FF17723998A0B00272B17 /* NoSessionsSectionViewModel.swift in Sources */,
				E414E23A238B436500A7AB93 /* SteamoNavigationController.swift in Sources */,
				E4C068D023965D7000A3F5F0 /* SteamAPINetworkAdapter+Dota2.swift in Sources */,
				E4424E10238EF58E00B5A7BD /* SteamVanity.swift in Sources */,
				E4EA79D823907019006C5890 /* NSNotification+Name.swift in Sources */,
				E4424E1D2390450400B5A7BD /* ProfileShimmeringView.swift in Sources */,
				E4C068BC2395708800A3F5F0 /* SteamoLabel.swift in Sources */,
				E4050378238DB06B00EC11A4 /* SessionsViewModel.swift in Sources */,
				E4F6164C238A89E7006D832B /* ProfileViewController.swift in Sources */,
				E4C068CE23965C6200A3F5F0 /* Dota2StatsViewModel.swift in Sources */,
				E4C068E32396C50C00A3F5F0 /* DependencyContainer.swift in Sources */,
				9F68FD0824EC3C8E00DF927E /* CollectionHeaderView.swift in Sources */,
				E4C068E92396C72600A3F5F0 /* ViewModelFactory.swift in Sources */,
				E4F6164F238A8ABF006D832B /* UIViewController+Navigation.swift in Sources */,
				E4C068AD23955FDB00A3F5F0 /* GameSchema.swift in Sources */,
				E4050371238D9D3700EC11A4 /* FriendTableViewCell.swift in Sources */,
				E414E249238B60F400A7AB93 /* AvatarTableViewCell.swift in Sources */,
				E4F61646238A828A006D832B /* LoginViewController.swift in Sources */,
				E4AE2B59239B980A00CDD260 /* NoRecentSessionsSectionViewModel.swift in Sources */,
				E46FF173239983FA00272B17 /* TwoWeekSessionsSectionViewModel.swift in Sources */,
				E414E24B238B624600A7AB93 /* AvatarSectionViewModel.swift in Sources */,
				E46FF1712399839600272B17 /* SessionSectionViewModelRepresentable.swift in Sources */,
				E414E24D238B628600A7AB93 /* ProfileSectionViewModelRepresentable.swift in Sources */,
				E4C068B623956E3900A3F5F0 /* PlayerStatsSectionViewModel.swift in Sources */,
				E4D4AAAA2397B77800867281 /* DayXAxisValueFormatter.swift in Sources */,
				E4D4AAA123971BBD00867281 /* MatchesByDateTableViewCell.swift in Sources */,
				E4424E07238DC14A00B5A7BD /* CollectionCellContainer.swift in Sources */,
				9F68FD0624EC3C8800DF927E /* NewGameView.swift in Sources */,
				E4C068B223956CD900A3F5F0 /* StatsSectionViewModelRepresentable.swift in Sources */,
				E4424E1B238EFDAE00B5A7BD /* SettingsViewModel.swift in Sources */,
				E4C068D32396600000A3F5F0 /* MatchHistory.swift in Sources */,
				E4C068DE2396842300A3F5F0 /* WinRateSectionViewModel.swift in Sources */,
				E434979923859F9A0047B750 /* MainTabBarController.swift in Sources */,
				E4C068B823956F8200A3F5F0 /* PlayerAchievementsSectionViewModel.swift in Sources */,
				E4C068BA2395702500A3F5F0 /* PlayerStatTableViewCell.swift in Sources */,
				E414E230238B3D9300A7AB93 /* ProfileViewModel.swift in Sources */,
				E4C068C123959C6D00A3F5F0 /* StatsErrorSectionViewModel.swift in Sources */,
				E414E235238B3F6000A7AB93 /* UIColor+Appcolor.swift in Sources */,
				E4424E09238DC17A00B5A7BD /* TableCellContainer.swift in Sources */,
				E434979523859F9A0047B750 /* AppDelegate.swift in Sources */,
				E414E254238BA98F00A7AB93 /* OwnedGamesTableViewCell.swift in Sources */,
				E414E246238B607C00A7AB93 /* UITableView+Register.swift in Sources */,
				E4EA79DE2395328D006C5890 /* GameStatsViewModel.swift in Sources */,
				E4A9E33E238D8F6700541359 /* Double+Pluralize.swift in Sources */,
				E4050373238D9D4400EC11A4 /* FriendSectionViewModel.swift in Sources */,
				E4EA79DC23953282006C5890 /* GameStatsViewController.swift in Sources */,
				E414E240238B55C400A7AB93 /* SteamoError.swift in Sources */,
				E4C068E52396C52500A3F5F0 /* ViewControllerFactory.swift in Sources */,
				E4424E12238EF5DD00B5A7BD /* SteamUser.swift in Sources */,
				E4424E19238EFD9000B5A7BD /* SettingsViewController.swift in Sources */,
				E46FF16823993DD200272B17 /* MinutesXAxisValueFormatter.swift in Sources */,
				E414E244238B568600A7AB93 /* Profile.swift in Sources */,
				E414E24F238B635800A7AB93 /* OwnedGamesSectionViewModel.swift in Sources */,
				E4AE2B57239AF80A00CDD260 /* DefaultTableViewCell.swift in Sources */,
				E414E252238B9E9600A7AB93 /* Games.swift in Sources */,
				E4D4AAAC2398083F00867281 /* HoursXAxisValueFormatter.swift in Sources */,
				9F68FD0A24EC400E00DF927E /* LeftLayout.swift in Sources */,
				E4687508238AF1ED00D7083E /* AuthRequestBuilder.swift in Sources */,
				E4C068AF239561D500A3F5F0 /* PlayerStats.swift in Sources */,
				E4424E0C238EE41C00B5A7BD /* ProfileRouter.swift in Sources */,
				E4C068DC2396832C00A3F5F0 /* WinRateTableViewCell.swift in Sources */,
				E4424E16238EFA6100B5A7BD /* SectionHeaderView.swift in Sources */,
				E4F61648238A84CE006D832B /* API.swift in Sources */,
				E4C068C323959CC700A3F5F0 /* StatsErrorTableViewCell.swift in Sources */,
				E4D4AA982397044700867281 /* NoFriendsSectionViewModel.swift in Sources */,
				E4D4AA9E23970E1800867281 /* Dota2ErrorSectionViewModel.swift in Sources */,
				E414E233238B3E7800A7AB93 /* SteamAPINetworkAdapter.swift in Sources */,
				E4424E0E238EF54200B5A7BD /* String+SteamId.swift in Sources */,
				E4C068C52395A28600A3F5F0 /* NoPlayerStatsSectionViewModel.swift in Sources */,
				E4C068CC23965C2100A3F5F0 /* Dota2StatsViewController.swift in Sources */,
				E4D4AA9A2397048B00867281 /* NoOwnedGamesSectionViewModel.swift in Sources */,
				E4A9E341238D9AD200541359 /* Friends.swift in Sources */,
				E4050376238DB05F00EC11A4 /* SessionsViewController.swift in Sources */,
				E4C068BE23957EC000A3F5F0 /* PlayerAchievementsTableViewCell.swift in Sources */,
				E414E258238BABD300A7AB93 /* GameView.swift in Sources */,
				E4C068C923965BCD00A3F5F0 /* Integer+Bits.swift in Sources */,
				E414E23C238B4BA500A7AB93 /* SteamoButton.swift in Sources */,
				E434979723859F9A0047B750 /* SceneDelegate.swift in Sources */,
				E4C068D92396828C00A3F5F0 /* Dota2StatsSectionViewModelRepresentable.swift in Sources */,
				E414E256238BAB8100A7AB93 /* UICollectionView+Register.swift in Sources */,
				E46FF16C239950A100272B17 /* DatabaseManager.swift in Sources */,
			);
			runOnlyForDeploymentPostprocessing = 0;
		};
		E43497A323859F9C0047B750 /* Sources */ = {
			isa = PBXSourcesBuildPhase;
			buildActionMask = 2147483647;
			files = (
				E43497AC23859F9C0047B750 /* SteamoTests.swift in Sources */,
			);
			runOnlyForDeploymentPostprocessing = 0;
		};
/* End PBXSourcesBuildPhase section */

/* Begin PBXTargetDependency section */
		E43497A923859F9C0047B750 /* PBXTargetDependency */ = {
			isa = PBXTargetDependency;
			target = E434979023859F9A0047B750 /* Steamo */;
			targetProxy = E43497A823859F9C0047B750 /* PBXContainerItemProxy */;
		};
/* End PBXTargetDependency section */

/* Begin PBXVariantGroup section */
		E434979F23859F9C0047B750 /* LaunchScreen.storyboard */ = {
			isa = PBXVariantGroup;
			children = (
				E43497A023859F9C0047B750 /* Base */,
			);
			name = LaunchScreen.storyboard;
			sourceTree = "<group>";
		};
/* End PBXVariantGroup section */

/* Begin XCBuildConfiguration section */
		E43497AE23859F9C0047B750 /* Debug */ = {
			isa = XCBuildConfiguration;
			buildSettings = {
				ALWAYS_SEARCH_USER_PATHS = NO;
				CLANG_ANALYZER_NONNULL = YES;
				CLANG_ANALYZER_NUMBER_OBJECT_CONVERSION = YES_AGGRESSIVE;
				CLANG_CXX_LANGUAGE_STANDARD = "gnu++14";
				CLANG_CXX_LIBRARY = "libc++";
				CLANG_ENABLE_MODULES = YES;
				CLANG_ENABLE_OBJC_ARC = YES;
				CLANG_ENABLE_OBJC_WEAK = YES;
				CLANG_WARN_BLOCK_CAPTURE_AUTORELEASING = YES;
				CLANG_WARN_BOOL_CONVERSION = YES;
				CLANG_WARN_COMMA = YES;
				CLANG_WARN_CONSTANT_CONVERSION = YES;
				CLANG_WARN_DEPRECATED_OBJC_IMPLEMENTATIONS = YES;
				CLANG_WARN_DIRECT_OBJC_ISA_USAGE = YES_ERROR;
				CLANG_WARN_DOCUMENTATION_COMMENTS = YES;
				CLANG_WARN_EMPTY_BODY = YES;
				CLANG_WARN_ENUM_CONVERSION = YES;
				CLANG_WARN_INFINITE_RECURSION = YES;
				CLANG_WARN_INT_CONVERSION = YES;
				CLANG_WARN_NON_LITERAL_NULL_CONVERSION = YES;
				CLANG_WARN_OBJC_IMPLICIT_RETAIN_SELF = YES;
				CLANG_WARN_OBJC_LITERAL_CONVERSION = YES;
				CLANG_WARN_OBJC_ROOT_CLASS = YES_ERROR;
				CLANG_WARN_RANGE_LOOP_ANALYSIS = YES;
				CLANG_WARN_STRICT_PROTOTYPES = YES;
				CLANG_WARN_SUSPICIOUS_MOVE = YES;
				CLANG_WARN_UNGUARDED_AVAILABILITY = YES_AGGRESSIVE;
				CLANG_WARN_UNREACHABLE_CODE = YES;
				CLANG_WARN__DUPLICATE_METHOD_MATCH = YES;
				COPY_PHASE_STRIP = NO;
				DEBUG_INFORMATION_FORMAT = dwarf;
				ENABLE_STRICT_OBJC_MSGSEND = YES;
				ENABLE_TESTABILITY = YES;
				GCC_C_LANGUAGE_STANDARD = gnu11;
				GCC_DYNAMIC_NO_PIC = NO;
				GCC_NO_COMMON_BLOCKS = YES;
				GCC_OPTIMIZATION_LEVEL = 0;
				GCC_PREPROCESSOR_DEFINITIONS = (
					"DEBUG=1",
					"$(inherited)",
				);
				GCC_WARN_64_TO_32_BIT_CONVERSION = YES;
				GCC_WARN_ABOUT_RETURN_TYPE = YES_ERROR;
				GCC_WARN_UNDECLARED_SELECTOR = YES;
				GCC_WARN_UNINITIALIZED_AUTOS = YES_AGGRESSIVE;
				GCC_WARN_UNUSED_FUNCTION = YES;
				GCC_WARN_UNUSED_VARIABLE = YES;
				IPHONEOS_DEPLOYMENT_TARGET = 13.2;
				MTL_ENABLE_DEBUG_INFO = INCLUDE_SOURCE;
				MTL_FAST_MATH = YES;
				ONLY_ACTIVE_ARCH = YES;
				SDKROOT = iphoneos;
				SWIFT_ACTIVE_COMPILATION_CONDITIONS = DEBUG;
				SWIFT_OPTIMIZATION_LEVEL = "-Onone";
			};
			name = Debug;
		};
		E43497AF23859F9C0047B750 /* Release */ = {
			isa = XCBuildConfiguration;
			buildSettings = {
				ALWAYS_SEARCH_USER_PATHS = NO;
				CLANG_ANALYZER_NONNULL = YES;
				CLANG_ANALYZER_NUMBER_OBJECT_CONVERSION = YES_AGGRESSIVE;
				CLANG_CXX_LANGUAGE_STANDARD = "gnu++14";
				CLANG_CXX_LIBRARY = "libc++";
				CLANG_ENABLE_MODULES = YES;
				CLANG_ENABLE_OBJC_ARC = YES;
				CLANG_ENABLE_OBJC_WEAK = YES;
				CLANG_WARN_BLOCK_CAPTURE_AUTORELEASING = YES;
				CLANG_WARN_BOOL_CONVERSION = YES;
				CLANG_WARN_COMMA = YES;
				CLANG_WARN_CONSTANT_CONVERSION = YES;
				CLANG_WARN_DEPRECATED_OBJC_IMPLEMENTATIONS = YES;
				CLANG_WARN_DIRECT_OBJC_ISA_USAGE = YES_ERROR;
				CLANG_WARN_DOCUMENTATION_COMMENTS = YES;
				CLANG_WARN_EMPTY_BODY = YES;
				CLANG_WARN_ENUM_CONVERSION = YES;
				CLANG_WARN_INFINITE_RECURSION = YES;
				CLANG_WARN_INT_CONVERSION = YES;
				CLANG_WARN_NON_LITERAL_NULL_CONVERSION = YES;
				CLANG_WARN_OBJC_IMPLICIT_RETAIN_SELF = YES;
				CLANG_WARN_OBJC_LITERAL_CONVERSION = YES;
				CLANG_WARN_OBJC_ROOT_CLASS = YES_ERROR;
				CLANG_WARN_RANGE_LOOP_ANALYSIS = YES;
				CLANG_WARN_STRICT_PROTOTYPES = YES;
				CLANG_WARN_SUSPICIOUS_MOVE = YES;
				CLANG_WARN_UNGUARDED_AVAILABILITY = YES_AGGRESSIVE;
				CLANG_WARN_UNREACHABLE_CODE = YES;
				CLANG_WARN__DUPLICATE_METHOD_MATCH = YES;
				COPY_PHASE_STRIP = NO;
				DEBUG_INFORMATION_FORMAT = "dwarf-with-dsym";
				ENABLE_NS_ASSERTIONS = NO;
				ENABLE_STRICT_OBJC_MSGSEND = YES;
				GCC_C_LANGUAGE_STANDARD = gnu11;
				GCC_NO_COMMON_BLOCKS = YES;
				GCC_WARN_64_TO_32_BIT_CONVERSION = YES;
				GCC_WARN_ABOUT_RETURN_TYPE = YES_ERROR;
				GCC_WARN_UNDECLARED_SELECTOR = YES;
				GCC_WARN_UNINITIALIZED_AUTOS = YES_AGGRESSIVE;
				GCC_WARN_UNUSED_FUNCTION = YES;
				GCC_WARN_UNUSED_VARIABLE = YES;
				IPHONEOS_DEPLOYMENT_TARGET = 13.2;
				MTL_ENABLE_DEBUG_INFO = NO;
				MTL_FAST_MATH = YES;
				SDKROOT = iphoneos;
				SWIFT_COMPILATION_MODE = wholemodule;
				SWIFT_OPTIMIZATION_LEVEL = "-O";
				VALIDATE_PRODUCT = YES;
			};
			name = Release;
		};
		E43497B123859F9C0047B750 /* Debug */ = {
			isa = XCBuildConfiguration;
			baseConfigurationReference = CDF2DAB74C5B1A0D36B9788F /* Pods-Steamo.debug.xcconfig */;
			buildSettings = {
				ASSETCATALOG_COMPILER_APPICON_NAME = AppIcon;
				CODE_SIGN_STYLE = Automatic;
				CURRENT_PROJECT_VERSION = 3;
				DEVELOPMENT_TEAM = UA7EV3Y4QH;
				INFOPLIST_FILE = Steamo/Info.plist;
				IPHONEOS_DEPLOYMENT_TARGET = 13.0;
				LD_RUNPATH_SEARCH_PATHS = (
					"$(inherited)",
					"@executable_path/Frameworks",
				);
				PRODUCT_BUNDLE_IDENTIFIER = com.setmysails.steamo;
				PRODUCT_NAME = Steamo;
				SWIFT_VERSION = 5.0;
				TARGETED_DEVICE_FAMILY = 1;
				VERSIONING_SYSTEM = "apple-generic";
			};
			name = Debug;
		};
		E43497B223859F9C0047B750 /* Release */ = {
			isa = XCBuildConfiguration;
			baseConfigurationReference = 1300BB512DA93974D783425C /* Pods-Steamo.release.xcconfig */;
			buildSettings = {
				ASSETCATALOG_COMPILER_APPICON_NAME = AppIcon;
				CODE_SIGN_STYLE = Automatic;
				CURRENT_PROJECT_VERSION = 3;
				DEVELOPMENT_TEAM = UA7EV3Y4QH;
				INFOPLIST_FILE = Steamo/Info.plist;
				IPHONEOS_DEPLOYMENT_TARGET = 13.0;
				LD_RUNPATH_SEARCH_PATHS = (
					"$(inherited)",
					"@executable_path/Frameworks",
				);
				PRODUCT_BUNDLE_IDENTIFIER = com.setmysails.steamo;
				PRODUCT_NAME = Steamo;
				SWIFT_VERSION = 5.0;
				TARGETED_DEVICE_FAMILY = 1;
				VERSIONING_SYSTEM = "apple-generic";
			};
			name = Release;
		};
		E43497B423859F9C0047B750 /* Debug */ = {
			isa = XCBuildConfiguration;
			baseConfigurationReference = 113433CCF58085967C216540 /* Pods-SteamoTests.debug.xcconfig */;
			buildSettings = {
				ALWAYS_EMBED_SWIFT_STANDARD_LIBRARIES = YES;
				BUNDLE_LOADER = "$(TEST_HOST)";
				CODE_SIGN_STYLE = Automatic;
				DEVELOPMENT_TEAM = UA7EV3Y4QH;
				INFOPLIST_FILE = SteamoTests/Info.plist;
				IPHONEOS_DEPLOYMENT_TARGET = 13.2;
				LD_RUNPATH_SEARCH_PATHS = (
					"$(inherited)",
					"@executable_path/Frameworks",
					"@loader_path/Frameworks",
				);
				PRODUCT_BUNDLE_IDENTIFIER = com.setmysails.SteamoTests;
				PRODUCT_NAME = "$(TARGET_NAME)";
				SWIFT_VERSION = 5.0;
				TARGETED_DEVICE_FAMILY = "1,2";
				TEST_HOST = "$(BUILT_PRODUCTS_DIR)/Steamo.app/Steamo";
			};
			name = Debug;
		};
		E43497B523859F9C0047B750 /* Release */ = {
			isa = XCBuildConfiguration;
			baseConfigurationReference = D41B7061CAA3A703A677EF81 /* Pods-SteamoTests.release.xcconfig */;
			buildSettings = {
				ALWAYS_EMBED_SWIFT_STANDARD_LIBRARIES = YES;
				BUNDLE_LOADER = "$(TEST_HOST)";
				CODE_SIGN_STYLE = Automatic;
				DEVELOPMENT_TEAM = UA7EV3Y4QH;
				INFOPLIST_FILE = SteamoTests/Info.plist;
				IPHONEOS_DEPLOYMENT_TARGET = 13.2;
				LD_RUNPATH_SEARCH_PATHS = (
					"$(inherited)",
					"@executable_path/Frameworks",
					"@loader_path/Frameworks",
				);
				PRODUCT_BUNDLE_IDENTIFIER = com.setmysails.SteamoTests;
				PRODUCT_NAME = "$(TARGET_NAME)";
				SWIFT_VERSION = 5.0;
				TARGETED_DEVICE_FAMILY = "1,2";
				TEST_HOST = "$(BUILT_PRODUCTS_DIR)/Steamo.app/Steamo";
			};
			name = Release;
		};
/* End XCBuildConfiguration section */

/* Begin XCConfigurationList section */
		E434978C23859F9A0047B750 /* Build configuration list for PBXProject "Steamo" */ = {
			isa = XCConfigurationList;
			buildConfigurations = (
				E43497AE23859F9C0047B750 /* Debug */,
				E43497AF23859F9C0047B750 /* Release */,
			);
			defaultConfigurationIsVisible = 0;
			defaultConfigurationName = Release;
		};
		E43497B023859F9C0047B750 /* Build configuration list for PBXNativeTarget "Steamo" */ = {
			isa = XCConfigurationList;
			buildConfigurations = (
				E43497B123859F9C0047B750 /* Debug */,
				E43497B223859F9C0047B750 /* Release */,
			);
			defaultConfigurationIsVisible = 0;
			defaultConfigurationName = Release;
		};
		E43497B323859F9C0047B750 /* Build configuration list for PBXNativeTarget "SteamoTests" */ = {
			isa = XCConfigurationList;
			buildConfigurations = (
				E43497B423859F9C0047B750 /* Debug */,
				E43497B523859F9C0047B750 /* Release */,
			);
			defaultConfigurationIsVisible = 0;
			defaultConfigurationName = Release;
		};
/* End XCConfigurationList section */
	};
	rootObject = E434978923859F9A0047B750 /* Project object */;
}
